
Microsoft Visual Studio Solution File, Format Version 12.00
# Visual Studio Version 16
VisualStudioVersion = 16.0.29411.108
MinimumVisualStudioVersion = 10.0.40219.1
Project("{FAE04EC0-301F-11D3-BF4B-00C04F79EFBC}") = "PrefeituraLoja2", "PrefeituraLoja2\PrefeituraLoja2.csproj", "{86719C0A-064C-434C-86EE-ECBDC2CC0798}"
EndProject
Global
	GlobalSection(SolutionConfigurationPlatforms) = preSolution
		Debug|Any CPU = Debug|Any CPU
		Release|Any CPU = Release|Any CPU
	EndGlobalSection
	GlobalSection(ProjectConfigurationPlatforms) = postSolution
		{86719C0A-064C-434C-86EE-ECBDC2CC0798}.Debug|Any CPU.ActiveCfg = Debug|Any CPU
		{86719C0A-064C-434C-86EE-ECBDC2CC0798}.Debug|Any CPU.Build.0 = Debug|Any CPU
		{86719C0A-064C-434C-86EE-ECBDC2CC0798}.Release|Any CPU.ActiveCfg = Release|Any CPU
		{86719C0A-064C-434C-86EE-ECBDC2CC0798}.Release|Any CPU.Build.0 = Release|Any CPU
	EndGlobalSection
	GlobalSection(SolutionProperties) = preSolution
		HideSolutionNode = FALSE
	EndGlobalSection
	GlobalSection(ExtensibilityGlobals) = postSolution
		SolutionGuid = {E291A593-FB85-4E0D-BC67-42D41379B05F}
	EndGlobalSection
EndGlobal
